
Microsoft Visual Studio Solution File, Format Version 12.00
# Visual Studio Version 17
VisualStudioVersion = 17.2.32526.322
MinimumVisualStudioVersion = 10.0.40219.1
Project("{FAE04EC0-301F-11D3-BF4B-00C04F79EFBC}") = "LiveEcommerce.Orders.API", "LiveEcommerce.Orders.API\LiveEcommerce.Orders.API.csproj", "{CCDD09EC-AEA8-4895-87D0-6DBDE8896D51}"
EndProject
Global
	GlobalSection(SolutionConfigurationPlatforms) = preSolution
		Debug|Any CPU = Debug|Any CPU
		Release|Any CPU = Release|Any CPU
	EndGlobalSection
	GlobalSection(ProjectConfigurationPlatforms) = postSolution
		{CCDD09EC-AEA8-4895-87D0-6DBDE8896D51}.Debug|Any CPU.ActiveCfg = Debug|Any CPU
		{CCDD09EC-AEA8-4895-87D0-6DBDE8896D51}.Debug|Any CPU.Build.0 = Debug|Any CPU
		{CCDD09EC-AEA8-4895-87D0-6DBDE8896D51}.Release|Any CPU.ActiveCfg = Release|Any CPU
		{CCDD09EC-AEA8-4895-87D0-6DBDE8896D51}.Release|Any CPU.Build.0 = Release|Any CPU
	EndGlobalSection
	GlobalSection(SolutionProperties) = preSolution
		HideSolutionNode = FALSE
	EndGlobalSection
	GlobalSection(ExtensibilityGlobals) = postSolution
		SolutionGuid = {E7C4F06E-99B6-4228-8CC7-0BFF594F5DB0}
	EndGlobalSection
EndGlobal
