
Microsoft Visual Studio Solution File, Format Version 12.00
# Visual Studio Version 17
VisualStudioVersion = 17.2.32526.322
MinimumVisualStudioVersion = 10.0.40219.1
Project("{FAE04EC0-301F-11D3-BF4B-00C04F79EFBC}") = "ApiSwagger", "ApiSwagger\ApiSwagger.csproj", "{9DEB72F2-597C-4F8A-ACA3-29DDEF718EA3}"
EndProject
Global
	GlobalSection(SolutionConfigurationPlatforms) = preSolution
		Debug|Any CPU = Debug|Any CPU
		Release|Any CPU = Release|Any CPU
	EndGlobalSection
	GlobalSection(ProjectConfigurationPlatforms) = postSolution
		{9DEB72F2-597C-4F8A-ACA3-29DDEF718EA3}.Debug|Any CPU.ActiveCfg = Debug|Any CPU
		{9DEB72F2-597C-4F8A-ACA3-29DDEF718EA3}.Debug|Any CPU.Build.0 = Debug|Any CPU
		{9DEB72F2-597C-4F8A-ACA3-29DDEF718EA3}.Release|Any CPU.ActiveCfg = Release|Any CPU
		{9DEB72F2-597C-4F8A-ACA3-29DDEF718EA3}.Release|Any CPU.Build.0 = Release|Any CPU
	EndGlobalSection
	GlobalSection(SolutionProperties) = preSolution
		HideSolutionNode = FALSE
	EndGlobalSection
	GlobalSection(ExtensibilityGlobals) = postSolution
		SolutionGuid = {FA2AA836-C25F-4B87-9D70-6D6314DCFB74}
	EndGlobalSection
EndGlobal
